hash: 7d09e842bb5d045f9d3e59e4c2755a9b248b0b9622bc2c168bcfc3a84a9b846c
updated: 2017-07-18T16:28:34.042449923-07:00
imports:
- name: github.com/pkg/errors
  version: 645ef00459ed84a119197bfb8d8205042c6df63d
- name: github.com/spf13/pflag
  version: e57e3eeb33f795204c1ca35f56c44f83227c6e66
- name: gopkg.in/validator.v2
  version: 07ffaad256c8e957050ad83d6472eb97d785013d
- name: gopkg.in/yaml.v2
  version: 3b4ad1db5b2a649883ff3782f5f9f6fb52be71af
testImports:
- name: github.com/davecgh/go-spew
  version: 04cdfd42973bb9c8589fd6a731800cf222fde1a9
  subpackages:
  - spew
- name: github.com/google/gofuzz
  version: 24818f796faf91cd76ec7bddd72458fbced7a6c1
- name: github.com/pmezard/go-difflib
  version: d8ed2627bdf02c080bf22230dbb337003b7aba2d
  subpackages:
  - difflib
- name: github.com/stretchr/testify
  version: 69483b4bd14f5845b5a1e55bca19e954e827f1d0
  subpackages:
  - assert
  - require
- name: go.uber.org/tools
  version: ce2550dad7144b81ae2f67dc5e55597643f6902b
  subpackages:
  - update-license
